
Microsoft Visual Studio Solution File, Format Version 12.00
# Visual Studio Version 16
VisualStudioVersion = 16.0.29709.97
MinimumVisualStudioVersion = 10.0.40219.1
Project("{FAE04EC0-301F-11D3-BF4B-00C04F79EFBC}") = "exercise semaine 3", "exercise semaine 3\exercise semaine 3.csproj", "{5ACBFC43-03C6-46D6-8296-DADF4E408606}"
EndProject
Global
	GlobalSection(SolutionConfigurationPlatforms) = preSolution
		Debug|Any CPU = Debug|Any CPU
		Release|Any CPU = Release|Any CPU
	EndGlobalSection
	GlobalSection(ProjectConfigurationPlatforms) = postSolution
		{5ACBFC43-03C6-46D6-8296-DADF4E408606}.Debug|Any CPU.ActiveCfg = Debug|Any CPU
		{5ACBFC43-03C6-46D6-8296-DADF4E408606}.Debug|Any CPU.Build.0 = Debug|Any CPU
		{5ACBFC43-03C6-46D6-8296-DADF4E408606}.Release|Any CPU.ActiveCfg = Release|Any CPU
		{5ACBFC43-03C6-46D6-8296-DADF4E408606}.Release|Any CPU.Build.0 = Release|Any CPU
	EndGlobalSection
	GlobalSection(SolutionProperties) = preSolution
		HideSolutionNode = FALSE
	EndGlobalSection
	GlobalSection(ExtensibilityGlobals) = postSolution
		SolutionGuid = {CF187F6E-0779-4036-82C9-D21C0ED11B57}
	EndGlobalSection
EndGlobal
